
Microsoft Visual Studio Solution File, Format Version 11.00
# Visual Studio 2010
Project("{FAE04EC0-301F-11D3-BF4B-00C04F79EFBC}") = "AlvasoftWcfClient", "AlvasoftWcfClient\AlvasoftWcfClient.csproj", "{48F36D6C-E33F-4035-9EB7-15907D9EB9EC}"
EndProject
Project("{FAE04EC0-301F-11D3-BF4B-00C04F79EFBC}") = "AlvasoftWcfServer", "AlvasoftWcfServer\AlvasoftWcfServer.csproj", "{55384E87-5F0E-4BC2-BD8B-C9044FFF2AA8}"
EndProject
Global
	GlobalSection(SolutionConfigurationPlatforms) = preSolution
		Debug|Any CPU = Debug|Any CPU
		Release|Any CPU = Release|Any CPU
	EndGlobalSection
	GlobalSection(ProjectConfigurationPlatforms) = postSolution
		{48F36D6C-E33F-4035-9EB7-15907D9EB9EC}.Debug|Any CPU.ActiveCfg = Debug|Any CPU
		{48F36D6C-E33F-4035-9EB7-15907D9EB9EC}.Debug|Any CPU.Build.0 = Debug|Any CPU
		{48F36D6C-E33F-4035-9EB7-15907D9EB9EC}.Release|Any CPU.ActiveCfg = Release|Any CPU
		{48F36D6C-E33F-4035-9EB7-15907D9EB9EC}.Release|Any CPU.Build.0 = Release|Any CPU
		{55384E87-5F0E-4BC2-BD8B-C9044FFF2AA8}.Debug|Any CPU.ActiveCfg = Debug|Any CPU
		{55384E87-5F0E-4BC2-BD8B-C9044FFF2AA8}.Debug|Any CPU.Build.0 = Debug|Any CPU
		{55384E87-5F0E-4BC2-BD8B-C9044FFF2AA8}.Release|Any CPU.ActiveCfg = Release|Any CPU
		{55384E87-5F0E-4BC2-BD8B-C9044FFF2AA8}.Release|Any CPU.Build.0 = Release|Any CPU
	EndGlobalSection
	GlobalSection(SolutionProperties) = preSolution
		HideSolutionNode = FALSE
	EndGlobalSection
EndGlobal
